# This file is automatically @generated by Cargo.
# It is not intended for manual editing.
version = 3

[[package]]
name = "www-saffi"
version = "0.1.0"

[[package]]
name = "www-saffi-dev"
version = "0.1.0"
dependencies = [
 "www-saffi",
]

[[package]]
name = "www-saffi-wtf"
version = "0.1.0"
dependencies = [
 "www-saffi",
]
