{
  "nodes": {
    "cargo2nix": {
      "inputs": {
        "flake-compat": "flake-compat",
        "flake-utils": [
          "flake-utils"
        ],
        "nixpkgs": [
          "nixpkgs"
        ],
        "rust-overlay": "rust-overlay"
      },
      "locked": {
        "lastModified": 1673511833,
        "narHash": "sha256-pna6AwbAQtdvdayBpCzHw6W/Dp7WM+X+481Boy5vmK8=",
        "owner": "cargo2nix",
        "repo": "cargo2nix",
        "rev": "8fb57a670f7993bfc24099c33eb9c5abb51f29a2",
        "type": "github"
      },
      "original": {
        "owner": "cargo2nix",
        "ref": "unstable",
        "repo": "cargo2nix",
        "type": "github"
      }
    },
    "fenix": {
      "inputs": {
        "nixpkgs": [
          "nixpkgs"
        ],
        "rust-analyzer-src": "rust-analyzer-src"
      },
      "locked": {
        "lastModified": 1693030765,
        "narHash": "sha256-o+eX70uYVU9/Jr79CWDrbmRiClKKNuD395/iBZdzcNM=",
        "owner": "nix-community",
        "repo": "fenix",
        "rev": "e66fa0e97106af71be1b26917fba281a27a653a3",
        "type": "github"
      },
      "original": {
        "owner": "nix-community",
        "repo": "fenix",
        "type": "github"
      }
    },
    "flake-compat": {
      "flake": false,
      "locked": {
        "lastModified": 1650374568,
        "narHash": "sha256-Z+s0J8/r907g149rllvwhb4pKi8Wam5ij0st8PwAh+E=",
        "owner": "edolstra",
        "repo": "flake-compat",
        "rev": "b4a34015c698c7793d592d66adbab377907a2be8",
        "type": "github"
      },
      "original": {
        "owner": "edolstra",
        "repo": "flake-compat",
        "type": "github"
      }
    },
    "flake-utils": {
      "inputs": {
        "systems": "systems"
      },
      "locked": {
        "lastModified": 1692799911,
        "narHash": "sha256-3eihraek4qL744EvQXsK1Ha6C3CR7nnT8X2qWap4RNk=",
        "owner": "numtide",
        "repo": "flake-utils",
        "rev": "f9e7cf818399d17d347f847525c5a5a8032e4e44",
        "type": "github"
      },
      "original": {
        "owner": "numtide",
        "repo": "flake-utils",
        "type": "github"
      }
    },
    "nixpkgs": {
      "locked": {
        "lastModified": 1693028636,
        "narHash": "sha256-WOG42JO/yyvgYK3jQktDEy2qtZI7R+s3Lo4Y9gBr6XM=",
        "owner": "nixos",
        "repo": "nixpkgs",
        "rev": "e61ea96d43505ba0d2c066134eb9d67cadfddce7",
        "type": "github"
      },
      "original": {
        "owner": "nixos",
        "ref": "nixpkgs-unstable",
        "repo": "nixpkgs",
        "type": "github"
      }
    },
    "onehalf": {
      "flake": false,
      "locked": {
        "lastModified": 1659479187,
        "narHash": "sha256-F5gbDtGD2QBDGZOjr/OCJJlyQgxvQTsy8IoNNAjnDzQ=",
        "owner": "sonph",
        "repo": "onehalf",
        "rev": "75eb2e97acd74660779fed8380989ee7891eec56",
        "type": "github"
      },
      "original": {
        "owner": "sonph",
        "ref": "master",
        "repo": "onehalf",
        "type": "github"
      }
    },
    "root": {
      "inputs": {
        "cargo2nix": "cargo2nix",
        "fenix": "fenix",
        "flake-utils": "flake-utils",
        "nixpkgs": "nixpkgs",
        "onehalf": "onehalf"
      }
    },
    "rust-analyzer-src": {
      "flake": false,
      "locked": {
        "lastModified": 1692775770,
        "narHash": "sha256-LwoR5N1JHykSte2Ak+Pj/HjJ9fKy9zMJNEftfBJQkLs=",
        "owner": "rust-lang",
        "repo": "rust-analyzer",
        "rev": "f5b7c60ff7a79bfb3e10f3e98c81b7bb4cb53c68",
        "type": "github"
      },
      "original": {
        "owner": "rust-lang",
        "ref": "nightly",
        "repo": "rust-analyzer",
        "type": "github"
      }
    },
    "rust-overlay": {
      "inputs": {
        "flake-utils": [
          "cargo2nix",
          "flake-utils"
        ],
        "nixpkgs": [
          "cargo2nix",
          "nixpkgs"
        ]
      },
      "locked": {
        "lastModified": 1673490397,
        "narHash": "sha256-VCSmIYJy/ZzTvEGjdfITmTYfybXBgZpMjyjDndbou+8=",
        "owner": "oxalica",
        "repo": "rust-overlay",
        "rev": "0833f4d063a2bb75aa31680f703ba594a384ffe6",
        "type": "github"
      },
      "original": {
        "owner": "oxalica",
        "repo": "rust-overlay",
        "type": "github"
      }
    },
    "systems": {
      "locked": {
        "lastModified": 1681028828,
        "narHash": "sha256-Vy1rq5AaRuLzOxct8nz4T6wlgyUR7zLU309k9mBC768=",
        "owner": "nix-systems",
        "repo": "default",
        "rev": "da67096a3b9bf56a91d16901293e51ba5b49a27e",
        "type": "github"
      },
      "original": {
        "owner": "nix-systems",
        "repo": "default",
        "type": "github"
      }
    }
  },
  "root": "root",
  "version": 7
}
